
Microsoft Visual Studio Solution File, Format Version 12.00
# Visual Studio Version 17
VisualStudioVersion = 17.1.32407.343
MinimumVisualStudioVersion = 10.0.40219.1
Project("{FAE04EC0-301F-11D3-BF4B-00C04F79EFBC}") = "SeedCatalog", "SeedCatalog\SeedCatalog.csproj", "{A885854E-35B0-4B87-9318-BD10E0363A76}"
EndProject
Project("{FAE04EC0-301F-11D3-BF4B-00C04F79EFBC}") = "SeedCatalogClassLibrary", "SeedCatalogClassLibrary\SeedCatalogClassLibrary.csproj", "{7F3BE27C-4B78-4F3F-A8D6-65EBB029B7A0}"
EndProject
Project("{2150E333-8FDC-42A3-9474-1A3956D46DE8}") = "Solution Items", "Solution Items", "{64DE4B81-D5F6-43E6-A3A7-B69D6683A5DE}"
	ProjectSection(SolutionItems) = preProject
		README.md = README.md
	EndProjectSection
EndProject
Global
	GlobalSection(SolutionConfigurationPlatforms) = preSolution
		Debug|Any CPU = Debug|Any CPU
		Release|Any CPU = Release|Any CPU
	EndGlobalSection
	GlobalSection(ProjectConfigurationPlatforms) = postSolution
		{A885854E-35B0-4B87-9318-BD10E0363A76}.Debug|Any CPU.ActiveCfg = Debug|Any CPU
		{A885854E-35B0-4B87-9318-BD10E0363A76}.Debug|Any CPU.Build.0 = Debug|Any CPU
		{A885854E-35B0-4B87-9318-BD10E0363A76}.Release|Any CPU.ActiveCfg = Release|Any CPU
		{A885854E-35B0-4B87-9318-BD10E0363A76}.Release|Any CPU.Build.0 = Release|Any CPU
		{7F3BE27C-4B78-4F3F-A8D6-65EBB029B7A0}.Debug|Any CPU.ActiveCfg = Debug|Any CPU
		{7F3BE27C-4B78-4F3F-A8D6-65EBB029B7A0}.Debug|Any CPU.Build.0 = Debug|Any CPU
		{7F3BE27C-4B78-4F3F-A8D6-65EBB029B7A0}.Release|Any CPU.ActiveCfg = Release|Any CPU
		{7F3BE27C-4B78-4F3F-A8D6-65EBB029B7A0}.Release|Any CPU.Build.0 = Release|Any CPU
	EndGlobalSection
	GlobalSection(SolutionProperties) = preSolution
		HideSolutionNode = FALSE
	EndGlobalSection
	GlobalSection(ExtensibilityGlobals) = postSolution
		SolutionGuid = {C7A722F5-5A61-4D09-BBF5-3551E3BCB55B}
	EndGlobalSection
EndGlobal
