
Microsoft Visual Studio Solution File, Format Version 12.00
# Visual Studio Version 17
VisualStudioVersion = 17.1.32407.343
MinimumVisualStudioVersion = 10.0.40219.1
Project("{FAE04EC0-301F-11D3-BF4B-00C04F79EFBC}") = "SeedCatalog", "SeedCatalog\SeedCatalog.csproj", "{A885854E-35B0-4B87-9318-BD10E0363A76}"
EndProject
Global
	GlobalSection(SolutionConfigurationPlatforms) = preSolution
		Debug|Any CPU = Debug|Any CPU
		Release|Any CPU = Release|Any CPU
	EndGlobalSection
	GlobalSection(ProjectConfigurationPlatforms) = postSolution
		{A885854E-35B0-4B87-9318-BD10E0363A76}.Debug|Any CPU.ActiveCfg = Debug|Any CPU
		{A885854E-35B0-4B87-9318-BD10E0363A76}.Debug|Any CPU.Build.0 = Debug|Any CPU
		{A885854E-35B0-4B87-9318-BD10E0363A76}.Release|Any CPU.ActiveCfg = Release|Any CPU
		{A885854E-35B0-4B87-9318-BD10E0363A76}.Release|Any CPU.Build.0 = Release|Any CPU
	EndGlobalSection
	GlobalSection(SolutionProperties) = preSolution
		HideSolutionNode = FALSE
	EndGlobalSection
	GlobalSection(ExtensibilityGlobals) = postSolution
		SolutionGuid = {C7A722F5-5A61-4D09-BBF5-3551E3BCB55B}
	EndGlobalSection
EndGlobal
